// !$*UTF8*$!
{
	archiveVersion = 1;
	classes = {
	};
	objectVersion = 46;
	objects = {

/* Begin PBXBuildFile section */
		1DA000211E408E0B007ADA5B /* main.m in Sources */ = {isa = PBXBuildFile; fileRef = 1DA000201E408E0B007ADA5B /* main.m */; };
		1DA000241E408E0B007ADA5B /* AppDelegate.m in Sources */ = {isa = PBXBuildFile; fileRef = 1DA000231E408E0B007ADA5B /* AppDelegate.m */; };
		1DA000271E408E0B007ADA5B /* ViewController.m in Sources */ = {isa = PBXBuildFile; fileRef = 1DA000261E408E0B007ADA5B /* ViewController.m */; };
		1DA0002A1E408E0B007ADA5B /* Main.storyboard in Resources */ = {isa = PBXBuildFile; fileRef = 1DA000281E408E0B007ADA5B /* Main.storyboard */; };
		1DA0002D1E408E0B007ADA5B /* Create_UILabel.xcdatamodeld in Sources */ = {isa = PBXBuildFile; fileRef = 1DA0002B1E408E0B007ADA5B /* Create_UILabel.xcdatamodeld */; };
		1DA0002F1E408E0B007ADA5B /* Assets.xcassets in Resources */ = {isa = PBXBuildFile; fileRef = 1DA0002E1E408E0B007ADA5B /* Assets.xcassets */; };
		1DA000321E408E0B007ADA5B /* LaunchScreen.storyboard in Resources */ = {isa = PBXBuildFile; fileRef = 1DA000301E408E0B007ADA5B /* LaunchScreen.storyboard */; };
/* End PBXBuildFile section */

/* Begin PBXFileReference section */
		1DA0001C1E408E0B007ADA5B /* Create UILabel.app */ = {isa = PBXFileReference; explicitFileType = wrapper.application; includeInIndex = 0; path = "Create UILabel.app"; sourceTree = BUILT_PRODUCTS_DIR; };
		1DA000201E408E0B007ADA5B /* main.m */ = {isa = PBXFileReference; lastKnownFileType = sourcecode.c.objc; path = main.m; sourceTree = "<group>"; };
		1DA000221E408E0B007ADA5B /* AppDelegate.h */ = {isa = PBXFileReference; lastKnownFileType = sourcecode.c.h; path = AppDelegate.h; sourceTree = "<group>"; };
		1DA000231E408E0B007ADA5B /* AppDelegate.m */ = {isa = PBXFileReference; lastKnownFileType = sourcecode.c.objc; path = AppDelegate.m; sourceTree = "<group>"; };
		1DA000251E408E0B007ADA5B /* ViewController.h */ = {isa = PBXFileReference; lastKnownFileType = sourcecode.c.h; path = ViewController.h; sourceTree = "<group>"; };
		1DA000261E408E0B007ADA5B /* ViewController.m */ = {isa = PBXFileReference; lastKnownFileType = sourcecode.c.objc; path = ViewController.m; sourceTree = "<group>"; };
		1DA000291E408E0B007ADA5B /* Base */ = {isa = PBXFileReference; lastKnownFileType = file.storyboard; name = Base; path = Base.lproj/Main.storyboard; sourceTree = "<group>"; };
		1DA0002C1E408E0B007ADA5B /* Create_UILabel.xcdatamodel */ = {isa = PBXFileReference; lastKnownFileType = wrapper.xcdatamodel; path = Create_UILabel.xcdatamodel; sourceTree = "<group>"; };
		1DA0002E1E408E0B007ADA5B /* Assets.xcassets */ = {isa = PBXFileReference; lastKnownFileType = folder.assetcatalog; path = Assets.xcassets; sourceTree = "<group>"; };
		1DA000311E408E0B007ADA5B /* Base */ = {isa = PBXFileReference; lastKnownFileType = file.storyboard; name = Base; path = Base.lproj/LaunchScreen.storyboard; sourceTree = "<group>"; };
		1DA000331E408E0B007ADA5B /* Info.plist */ = {isa = PBXFileReference; lastKnownFileType = text.plist.xml; path = Info.plist; sourceTree = "<group>"; };
/* End PBXFileReference section */

/* Begin PBXFrameworksBuildPhase section */
		1DA000191E408E0B007ADA5B /* Frameworks */ = {
			isa = PBXFrameworksBuildPhase;
			buildActionMask = 2147483647;
			files = (
			);
			runOnlyForDeploymentPostprocessing = 0;
		};
/* End PBXFrameworksBuildPhase section */

/* Begin PBXGroup section */
		1DA000131E408E0B007ADA5B = {
			isa = PBXGroup;
			children = (
				1DA0001E1E408E0B007ADA5B /* Create UILabel */,
				1DA0001D1E408E0B007ADA5B /* Products */,
			);
			sourceTree = "<group>";
		};
		1DA0001D1E408E0B007ADA5B /* Products */ = {
			isa = PBXGroup;
			children = (
				1DA0001C1E408E0B007ADA5B /* Create UILabel.app */,
			);
			name = Products;
			sourceTree = "<group>";
		};
		1DA0001E1E408E0B007ADA5B /* Create UILabel */ = {
			isa = PBXGroup;
			children = (
				1DA000221E408E0B007ADA5B /* AppDelegate.h */,
				1DA000231E408E0B007ADA5B /* AppDelegate.m */,
				1DA000251E408E0B007ADA5B /* ViewController.h */,
				1DA000261E408E0B007ADA5B /* ViewController.m */,
				1DA000281E408E0B007ADA5B /* Main.storyboard */,
				1DA0002E1E408E0B007ADA5B /* Assets.xcassets */,
				1DA000301E408E0B007ADA5B /* LaunchScreen.storyboard */,
				1DA000331E408E0B007ADA5B /* Info.plist */,
				1DA0002B1E408E0B007ADA5B /* Create_UILabel.xcdatamodeld */,
				1DA0001F1E408E0B007ADA5B /* Supporting Files */,
			);
			path = "Create UILabel";
			sourceTree = "<group>";
		};
		1DA0001F1E408E0B007ADA5B /* Supporting Files */ = {
			isa = PBXGroup;
			children = (
				1DA000201E408E0B007ADA5B /* main.m */,
			);
			name = "Supporting Files";
			sourceTree = "<group>";
		};
/* End PBXGroup section */

/* Begin PBXNativeTarget section */
		1DA0001B1E408E0B007ADA5B /* Create UILabel */ = {
			isa = PBXNativeTarget;
			buildConfigurationList = 1DA000361E408E0B007ADA5B /* Build configuration list for PBXNativeTarget "Create UILabel" */;
			buildPhases = (
				1DA000181E408E0B007ADA5B /* Sources */,
				1DA000191E408E0B007ADA5B /* Frameworks */,
				1DA0001A1E408E0B007ADA5B /* Resources */,
			);
			buildRules = (
			);
			dependencies = (
			);
			name = "Create UILabel";
			productName = "Create UILabel";
			productReference = 1DA0001C1E408E0B007ADA5B /* Create UILabel.app */;
			productType = "com.apple.product-type.application";
		};
/* End PBXNativeTarget section */

/* Begin PBXProject section */
		1DA000141E408E0B007ADA5B /* Project object */ = {
			isa = PBXProject;
			attributes = {
				LastUpgradeCheck = 0810;
				ORGANIZATIONNAME = "Ferrakkem Bhuiyan";
				TargetAttributes = {
					1DA0001B1E408E0B007ADA5B = {
						CreatedOnToolsVersion = 8.1;
						ProvisioningStyle = Automatic;
					};
				};
			};
			buildConfigurationList = 1DA000171E408E0B007ADA5B /* Build configuration list for PBXProject "Create UILabel" */;
			compatibilityVersion = "Xcode 3.2";
			developmentRegion = English;
			hasScannedForEncodings = 0;
			knownRegions = (
				en,
				Base,
			);
			mainGroup = 1DA000131E408E0B007ADA5B;
			productRefGroup = 1DA0001D1E408E0B007ADA5B /* Products */;
			projectDirPath = "";
			projectRoot = "";
			targets = (
				1DA0001B1E408E0B007ADA5B /* Create UILabel */,
			);
		};
/* End PBXProject section */

/* Begin PBXResourcesBuildPhase section */
		1DA0001A1E408E0B007ADA5B /* Resources */ = {
			isa = PBXResourcesBuildPhase;
			buildActionMask = 2147483647;
			files = (
				1DA000321E408E0B007ADA5B /* LaunchScreen.storyboard in Resources */,
				1DA0002F1E408E0B007ADA5B /* Assets.xcassets in Resources */,
				1DA0002A1E408E0B007ADA5B /* Main.storyboard in Resources */,
			);
			runOnlyForDeploymentPostprocessing = 0;
		};
/* End PBXResourcesBuildPhase section */

/* Begin PBXSourcesBuildPhase section */
		1DA000181E408E0B007ADA5B /* Sources */ = {
			isa = PBXSourcesBuildPhase;
			buildActionMask = 2147483647;
			files = (
				1DA0002D1E408E0B007ADA5B /* Create_UILabel.xcdatamodeld in Sources */,
				1DA000271E408E0B007ADA5B /* ViewController.m in Sources */,
				1DA000241E408E0B007ADA5B /* AppDelegate.m in Sources */,
				1DA000211E408E0B007ADA5B /* main.m in Sources */,
			);
			runOnlyForDeploymentPostprocessing = 0;
		};
/* End PBXSourcesBuildPhase section */

/* Begin PBXVariantGroup section */
		1DA000281E408E0B007ADA5B /* Main.storyboard */ = {
			isa = PBXVariantGroup;
			children = (
				1DA000291E408E0B007ADA5B /* Base */,
			);
			name = Main.storyboard;
			sourceTree = "<group>";
		};
		1DA000301E408E0B007ADA5B /* LaunchScreen.storyboard */ = {
			isa = PBXVariantGroup;
			children = (
				1DA000311E408E0B007ADA5B /* Base */,
			);
			name = LaunchScreen.storyboard;
			sourceTree = "<group>";
		};
/* End PBXVariantGroup section */

/* Begin XCBuildConfiguration section */
		1DA000341E408E0B007ADA5B /* Debug */ = {
			isa = XCBuildConfiguration;
			buildSettings = {
				ALWAYS_SEARCH_USER_PATHS = NO;
				CLANG_ANALYZER_NONNULL = YES;
				CLANG_CXX_LANGUAGE_STANDARD = "gnu++0x";
				CLANG_CXX_LIBRARY = "libc++";
				CLANG_ENABLE_MODULES = YES;
				CLANG_ENABLE_OBJC_ARC = YES;
				CLANG_WARN_BOOL_CONVERSION = YES;
				CLANG_WARN_CONSTANT_CONVERSION = YES;
				CLANG_WARN_DIRECT_OBJC_ISA_USAGE = YES_ERROR;
				CLANG_WARN_DOCUMENTATION_COMMENTS = YES;
				CLANG_WARN_EMPTY_BODY = YES;
				CLANG_WARN_ENUM_CONVERSION = YES;
				CLANG_WARN_INFINITE_RECURSION = YES;
				CLANG_WARN_INT_CONVERSION = YES;
				CLANG_WARN_OBJC_ROOT_CLASS = YES_ERROR;
				CLANG_WARN_SUSPICIOUS_MOVES = YES;
				CLANG_WARN_UNREACHABLE_CODE = YES;
				CLANG_WARN__DUPLICATE_METHOD_MATCH = YES;
				"CODE_SIGN_IDENTITY[sdk=iphoneos*]" = "iPhone Developer";
				COPY_PHASE_STRIP = NO;
				DEBUG_INFORMATION_FORMAT = dwarf;
				ENABLE_STRICT_OBJC_MSGSEND = YES;
				ENABLE_TESTABILITY = YES;
				GCC_C_LANGUAGE_STANDARD = gnu99;
				GCC_DYNAMIC_NO_PIC = NO;
				GCC_NO_COMMON_BLOCKS = YES;
				GCC_OPTIMIZATION_LEVEL = 0;
				GCC_PREPROCESSOR_DEFINITIONS = (
					"DEBUG=1",
					"$(inherited)",
				);
				GCC_WARN_64_TO_32_BIT_CONVERSION = YES;
				GCC_WARN_ABOUT_RETURN_TYPE = YES_ERROR;
				GCC_WARN_UNDECLARED_SELECTOR = YES;
				GCC_WARN_UNINITIALIZED_AUTOS = YES_AGGRESSIVE;
				GCC_WARN_UNUSED_FUNCTION = YES;
				GCC_WARN_UNUSED_VARIABLE = YES;
				IPHONEOS_DEPLOYMENT_TARGET = 10.1;
				MTL_ENABLE_DEBUG_INFO = YES;
				ONLY_ACTIVE_ARCH = YES;
				SDKROOT = iphoneos;
			};
			name = Debug;
		};
		1DA000351E408E0B007ADA5B /* Release */ = {
			isa = XCBuildConfiguration;
			buildSettings = {
				ALWAYS_SEARCH_USER_PATHS = NO;
				CLANG_ANALYZER_NONNULL = YES;
				CLANG_CXX_LANGUAGE_STANDARD = "gnu++0x";
				CLANG_CXX_LIBRARY = "libc++";
				CLANG_ENABLE_MODULES = YES;
				CLANG_ENABLE_OBJC_ARC = YES;
				CLANG_WARN_BOOL_CONVERSION = YES;
				CLANG_WARN_CONSTANT_CONVERSION = YES;
				CLANG_WARN_DIRECT_OBJC_ISA_USAGE = YES_ERROR;
				CLANG_WARN_DOCUMENTATION_COMMENTS = YES;
				CLANG_WARN_EMPTY_BODY = YES;
				CLANG_WARN_ENUM_CONVERSION = YES;
				CLANG_WARN_INFINITE_RECURSION = YES;
				CLANG_WARN_INT_CONVERSION = YES;
				CLANG_WARN_OBJC_ROOT_CLASS = YES_ERROR;
				CLANG_WARN_SUSPICIOUS_MOVES = YES;
				CLANG_WARN_UNREACHABLE_CODE = YES;
				CLANG_WARN__DUPLICATE_METHOD_MATCH = YES;
				"CODE_SIGN_IDENTITY[sdk=iphoneos*]" = "iPhone Developer";
				COPY_PHASE_STRIP = NO;
				DEBUG_INFORMATION_FORMAT = "dwarf-with-dsym";
				ENABLE_NS_ASSERTIONS = NO;
				ENABLE_STRICT_OBJC_MSGSEND = YES;
				GCC_C_LANGUAGE_STANDARD = gnu99;
				GCC_NO_COMMON_BLOCKS = YES;
				GCC_WARN_64_TO_32_BIT_CONVERSION = YES;
				GCC_WARN_ABOUT_RETURN_TYPE = YES_ERROR;
				GCC_WARN_UNDECLARED_SELECTOR = YES;
				GCC_WARN_UNINITIALIZED_AUTOS = YES_AGGRESSIVE;
				GCC_WARN_UNUSED_FUNCTION = YES;
				GCC_WARN_UNUSED_VARIABLE = YES;
				IPHONEOS_DEPLOYMENT_TARGET = 10.1;
				MTL_ENABLE_DEBUG_INFO = NO;
				SDKROOT = iphoneos;
				VALIDATE_PRODUCT = YES;
			};
			name = Release;
		};
		1DA000371E408E0B007ADA5B /* Debug */ = {
			isa = XCBuildConfiguration;
			buildSettings = {
				ASSETCATALOG_COMPILER_APPICON_NAME = AppIcon;
				INFOPLIST_FILE = "Create UILabel/Info.plist";
				LD_RUNPATH_SEARCH_PATHS = "$(inherited) @executable_path/Frameworks";
				PRODUCT_BUNDLE_IDENTIFIER = "Ferrakkem.Create-UILabel";
				PRODUCT_NAME = "$(TARGET_NAME)";
			};
			name = Debug;
		};
		1DA000381E408E0B007ADA5B /* Release */ = {
			isa = XCBuildConfiguration;
			buildSettings = {
				ASSETCATALOG_COMPILER_APPICON_NAME = AppIcon;
				INFOPLIST_FILE = "Create UILabel/Info.plist";
				LD_RUNPATH_SEARCH_PATHS = "$(inherited) @executable_path/Frameworks";
				PRODUCT_BUNDLE_IDENTIFIER = "Ferrakkem.Create-UILabel";
				PRODUCT_NAME = "$(TARGET_NAME)";
			};
			name = Release;
		};
/* End XCBuildConfiguration section */

/* Begin XCConfigurationList section */
		1DA000171E408E0B007ADA5B /* Build configuration list for PBXProject "Create UILabel" */ = {
			isa = XCConfigurationList;
			buildConfigurations = (
				1DA000341E408E0B007ADA5B /* Debug */,
				1DA000351E408E0B007ADA5B /* Release */,
			);
			defaultConfigurationIsVisible = 0;
			defaultConfigurationName = Release;
		};
		1DA000361E408E0B007ADA5B /* Build configuration list for PBXNativeTarget "Create UILabel" */ = {
			isa = XCConfigurationList;
			buildConfigurations = (
				1DA000371E408E0B007ADA5B /* Debug */,
				1DA000381E408E0B007ADA5B /* Release */,
			);
			defaultConfigurationIsVisible = 0;
		};
/* End XCConfigurationList section */

/* Begin XCVersionGroup section */
		1DA0002B1E408E0B007ADA5B /* Create_UILabel.xcdatamodeld */ = {
			isa = XCVersionGroup;
			children = (
				1DA0002C1E408E0B007ADA5B /* Create_UILabel.xcdatamodel */,
			);
			currentVersion = 1DA0002C1E408E0B007ADA5B /* Create_UILabel.xcdatamodel */;
			path = Create_UILabel.xcdatamodeld;
			sourceTree = "<group>";
			versionGroupType = wrapper.xcdatamodel;
		};
/* End XCVersionGroup section */
	};
	rootObject = 1DA000141E408E0B007ADA5B /* Project object */;
}
